{
  "originHash" : "ad4fbc5504b58c482c068393d947d922e06ae962176bce3ca979a0fa22ea9e86",
  "pins" : [
    {
      "identity" : "twilio-voice-ios",
      "kind" : "remoteSourceControl",
      "location" : "https://github.com/twilio/twilio-voice-ios",
      "state" : {
        "revision" : "810f59e2a50882e342876fb9b2dcaa241084ada0",
        "version" : "6.12.1"
      }
    }
  ],
  "version" : 3
}
